
Microsoft Visual Studio Solution File, Format Version 12.00
# Visual Studio Version 16
VisualStudioVersion = 16.0.29215.179
MinimumVisualStudioVersion = 10.0.40219.1
Project("{FAE04EC0-301F-11D3-BF4B-00C04F79EFBC}") = "DatingApp.APIa", "DatingApp.APIa.csproj", "{FA1EB1D5-6C7D-4264-AD96-88F529B628F5}"
EndProject
Global
	GlobalSection(SolutionConfigurationPlatforms) = preSolution
		Debug|Any CPU = Debug|Any CPU
		Release|Any CPU = Release|Any CPU
	EndGlobalSection
	GlobalSection(ProjectConfigurationPlatforms) = postSolution
		{FA1EB1D5-6C7D-4264-AD96-88F529B628F5}.Debug|Any CPU.ActiveCfg = Debug|Any CPU
		{FA1EB1D5-6C7D-4264-AD96-88F529B628F5}.Debug|Any CPU.Build.0 = Debug|Any CPU
		{FA1EB1D5-6C7D-4264-AD96-88F529B628F5}.Release|Any CPU.ActiveCfg = Release|Any CPU
		{FA1EB1D5-6C7D-4264-AD96-88F529B628F5}.Release|Any CPU.Build.0 = Release|Any CPU
	EndGlobalSection
	GlobalSection(SolutionProperties) = preSolution
		HideSolutionNode = FALSE
	EndGlobalSection
	GlobalSection(ExtensibilityGlobals) = postSolution
		SolutionGuid = {69C2B9CD-3E5C-4687-B969-C7AA21F8CA33}
	EndGlobalSection
EndGlobal
